
Microsoft Visual Studio Solution File, Format Version 12.00
Project("{FAE04EC0-301F-11D3-BF4B-00C04F79EFBC}") = "LearningCenter.API", "LearningCenter.API\LearningCenter.API.csproj", "{9CF5F0D8-D1CA-464B-9605-ACF3022AFFC4}"
EndProject
Project("{FAE04EC0-301F-11D3-BF4B-00C04F79EFBC}") = "LearningCenter.Infraestructure", "LearningCenter.Infraestructure\LearningCenter.Infraestructure.csproj", "{B63AA2D8-CD50-4499-AD3A-5E53C56591FF}"
EndProject
Project("{FAE04EC0-301F-11D3-BF4B-00C04F79EFBC}") = "LearningCenter.Domain", "LearningCenter.Domain\LearningCenter.Domain.csproj", "{64F3CA44-3245-419E-A73C-ACFB34B6C438}"
EndProject
Global
	GlobalSection(SolutionConfigurationPlatforms) = preSolution
		Debug|Any CPU = Debug|Any CPU
		Release|Any CPU = Release|Any CPU
	EndGlobalSection
	GlobalSection(ProjectConfigurationPlatforms) = postSolution
		{9CF5F0D8-D1CA-464B-9605-ACF3022AFFC4}.Debug|Any CPU.ActiveCfg = Debug|Any CPU
		{9CF5F0D8-D1CA-464B-9605-ACF3022AFFC4}.Debug|Any CPU.Build.0 = Debug|Any CPU
		{9CF5F0D8-D1CA-464B-9605-ACF3022AFFC4}.Release|Any CPU.ActiveCfg = Release|Any CPU
		{9CF5F0D8-D1CA-464B-9605-ACF3022AFFC4}.Release|Any CPU.Build.0 = Release|Any CPU
		{B63AA2D8-CD50-4499-AD3A-5E53C56591FF}.Debug|Any CPU.ActiveCfg = Debug|Any CPU
		{B63AA2D8-CD50-4499-AD3A-5E53C56591FF}.Debug|Any CPU.Build.0 = Debug|Any CPU
		{B63AA2D8-CD50-4499-AD3A-5E53C56591FF}.Release|Any CPU.ActiveCfg = Release|Any CPU
		{B63AA2D8-CD50-4499-AD3A-5E53C56591FF}.Release|Any CPU.Build.0 = Release|Any CPU
		{64F3CA44-3245-419E-A73C-ACFB34B6C438}.Debug|Any CPU.ActiveCfg = Debug|Any CPU
		{64F3CA44-3245-419E-A73C-ACFB34B6C438}.Debug|Any CPU.Build.0 = Debug|Any CPU
		{64F3CA44-3245-419E-A73C-ACFB34B6C438}.Release|Any CPU.ActiveCfg = Release|Any CPU
		{64F3CA44-3245-419E-A73C-ACFB34B6C438}.Release|Any CPU.Build.0 = Release|Any CPU
	EndGlobalSection
EndGlobal
